
Microsoft Visual Studio Solution File, Format Version 12.00
# Visual Studio Version 16
VisualStudioVersion = 16.0.31410.357
MinimumVisualStudioVersion = 10.0.40219.1
Project("{FAE04EC0-301F-11D3-BF4B-00C04F79EFBC}") = "MusicCatalog", "src\MusicCatalog.csproj", "{F386E260-E044-4FEB-9BDC-1A52F2DD5BE2}"
EndProject
Global
	GlobalSection(SolutionConfigurationPlatforms) = preSolution
		Debug|Any CPU = Debug|Any CPU
		Release|Any CPU = Release|Any CPU
	EndGlobalSection
	GlobalSection(ProjectConfigurationPlatforms) = postSolution
		{F386E260-E044-4FEB-9BDC-1A52F2DD5BE2}.Debug|Any CPU.ActiveCfg = Debug|Any CPU
		{F386E260-E044-4FEB-9BDC-1A52F2DD5BE2}.Debug|Any CPU.Build.0 = Debug|Any CPU
		{F386E260-E044-4FEB-9BDC-1A52F2DD5BE2}.Release|Any CPU.ActiveCfg = Release|Any CPU
		{F386E260-E044-4FEB-9BDC-1A52F2DD5BE2}.Release|Any CPU.Build.0 = Release|Any CPU
	EndGlobalSection
	GlobalSection(SolutionProperties) = preSolution
		HideSolutionNode = FALSE
	EndGlobalSection
	GlobalSection(ExtensibilityGlobals) = postSolution
		SolutionGuid = {7CFC0793-4A04-4821-B42A-43A76B7C88E8}
	EndGlobalSection
EndGlobal
